// !$*UTF8*$!
{
	archiveVersion = 1;
	classes = {
	};
	objectVersion = 55;
	objects = {

/* Begin PBXBuildFile section */
		77F1FCDD27C673E8009EF400 /* AppDelegate.swift in Sources */ = {isa = PBXBuildFile; fileRef = 77F1FCDC27C673E8009EF400 /* AppDelegate.swift */; };
		77F1FCDF27C673E8009EF400 /* SceneDelegate.swift in Sources */ = {isa = PBXBuildFile; fileRef = 77F1FCDE27C673E8009EF400 /* SceneDelegate.swift */; };
		77F1FCE127C673E8009EF400 /* ViewController.swift in Sources */ = {isa = PBXBuildFile; fileRef = 77F1FCE027C673E8009EF400 /* ViewController.swift */; };
		77F1FCE427C673E9009EF400 /* Main.storyboard in Resources */ = {isa = PBXBuildFile; fileRef = 77F1FCE227C673E9009EF400 /* Main.storyboard */; };
		77F1FCE627C673F1009EF400 /* Assets.xcassets in Resources */ = {isa = PBXBuildFile; fileRef = 77F1FCE527C673F1009EF400 /* Assets.xcassets */; };
		77F1FCE927C673F1009EF400 /* LaunchScreen.storyboard in Resources */ = {isa = PBXBuildFile; fileRef = 77F1FCE727C673F1009EF400 /* LaunchScreen.storyboard */; };
		77F1FCF427C673F2009EF400 /* NewsAppTests.swift in Sources */ = {isa = PBXBuildFile; fileRef = 77F1FCF327C673F2009EF400 /* NewsAppTests.swift */; };
		77F1FCFE27C673F2009EF400 /* NewsAppUITests.swift in Sources */ = {isa = PBXBuildFile; fileRef = 77F1FCFD27C673F2009EF400 /* NewsAppUITests.swift */; };
		77F1FD0027C673F2009EF400 /* NewsAppUITestsLaunchTests.swift in Sources */ = {isa = PBXBuildFile; fileRef = 77F1FCFF27C673F2009EF400 /* NewsAppUITestsLaunchTests.swift */; };
		77F1FD0E27C6741D009EF400 /* RestAPIManager.swift in Sources */ = {isa = PBXBuildFile; fileRef = 77F1FD0D27C6741D009EF400 /* RestAPIManager.swift */; };
		77F1FD1127C678F2009EF400 /* NewsArticleModal.swift in Sources */ = {isa = PBXBuildFile; fileRef = 77F1FD1027C678F1009EF400 /* NewsArticleModal.swift */; };
/* End PBXBuildFile section */

/* Begin PBXContainerItemProxy section */
		77F1FCF027C673F2009EF400 /* PBXContainerItemProxy */ = {
			isa = PBXContainerItemProxy;
			containerPortal = 77F1FCD127C673E8009EF400 /* Project object */;
			proxyType = 1;
			remoteGlobalIDString = 77F1FCD827C673E8009EF400;
			remoteInfo = NewsApp;
		};
		77F1FCFA27C673F2009EF400 /* PBXContainerItemProxy */ = {
			isa = PBXContainerItemProxy;
			containerPortal = 77F1FCD127C673E8009EF400 /* Project object */;
			proxyType = 1;
			remoteGlobalIDString = 77F1FCD827C673E8009EF400;
			remoteInfo = NewsApp;
		};
/* End PBXContainerItemProxy section */

/* Begin PBXFileReference section */
		77F1FCD927C673E8009EF400 /* NewsApp.app */ = {isa = PBXFileReference; explicitFileType = wrapper.application; includeInIndex = 0; path = NewsApp.app; sourceTree = BUILT_PRODUCTS_DIR; };
		77F1FCDC27C673E8009EF400 /* AppDelegate.swift */ = {isa = PBXFileReference; lastKnownFileType = sourcecode.swift; path = AppDelegate.swift; sourceTree = "<group>"; };
		77F1FCDE27C673E8009EF400 /* SceneDelegate.swift */ = {isa = PBXFileReference; lastKnownFileType = sourcecode.swift; path = SceneDelegate.swift; sourceTree = "<group>"; };
		77F1FCE027C673E8009EF400 /* ViewController.swift */ = {isa = PBXFileReference; lastKnownFileType = sourcecode.swift; path = ViewController.swift; sourceTree = "<group>"; };
		77F1FCE327C673E9009EF400 /* Base */ = {isa = PBXFileReference; lastKnownFileType = file.storyboard; name = Base; path = Base.lproj/Main.storyboard; sourceTree = "<group>"; };
		77F1FCE527C673F1009EF400 /* Assets.xcassets */ = {isa = PBXFileReference; lastKnownFileType = folder.assetcatalog; path = Assets.xcassets; sourceTree = "<group>"; };
		77F1FCE827C673F1009EF400 /* Base */ = {isa = PBXFileReference; lastKnownFileType = file.storyboard; name = Base; path = Base.lproj/LaunchScreen.storyboard; sourceTree = "<group>"; };
		77F1FCEA27C673F1009EF400 /* Info.plist */ = {isa = PBXFileReference; lastKnownFileType = text.plist.xml; path = Info.plist; sourceTree = "<group>"; };
		77F1FCEF27C673F2009EF400 /* NewsAppTests.xctest */ = {isa = PBXFileReference; explicitFileType = wrapper.cfbundle; includeInIndex = 0; path = NewsAppTests.xctest; sourceTree = BUILT_PRODUCTS_DIR; };
		77F1FCF327C673F2009EF400 /* NewsAppTests.swift */ = {isa = PBXFileReference; lastKnownFileType = sourcecode.swift; path = NewsAppTests.swift; sourceTree = "<group>"; };
		77F1FCF927C673F2009EF400 /* NewsAppUITests.xctest */ = {isa = PBXFileReference; explicitFileType = wrapper.cfbundle; includeInIndex = 0; path = NewsAppUITests.xctest; sourceTree = BUILT_PRODUCTS_DIR; };
		77F1FCFD27C673F2009EF400 /* NewsAppUITests.swift */ = {isa = PBXFileReference; lastKnownFileType = sourcecode.swift; path = NewsAppUITests.swift; sourceTree = "<group>"; };
		77F1FCFF27C673F2009EF400 /* NewsAppUITestsLaunchTests.swift */ = {isa = PBXFileReference; lastKnownFileType = sourcecode.swift; path = NewsAppUITestsLaunchTests.swift; sourceTree = "<group>"; };
		77F1FD0D27C6741D009EF400 /* RestAPIManager.swift */ = {isa = PBXFileReference; lastKnownFileType = sourcecode.swift; path = RestAPIManager.swift; sourceTree = "<group>"; };
		77F1FD1027C678F1009EF400 /* NewsArticleModal.swift */ = {isa = PBXFileReference; lastKnownFileType = sourcecode.swift; path = NewsArticleModal.swift; sourceTree = "<group>"; };
/* End PBXFileReference section */

/* Begin PBXFrameworksBuildPhase section */
		77F1FCD627C673E8009EF400 /* Frameworks */ = {
			isa = PBXFrameworksBuildPhase;
			buildActionMask = 2147483647;
			files = (
			);
			runOnlyForDeploymentPostprocessing = 0;
		};
		77F1FCEC27C673F2009EF400 /* Frameworks */ = {
			isa = PBXFrameworksBuildPhase;
			buildActionMask = 2147483647;
			files = (
			);
			runOnlyForDeploymentPostprocessing = 0;
		};
		77F1FCF627C673F2009EF400 /* Frameworks */ = {
			isa = PBXFrameworksBuildPhase;
			buildActionMask = 2147483647;
			files = (
			);
			runOnlyForDeploymentPostprocessing = 0;
		};
/* End PBXFrameworksBuildPhase section */

/* Begin PBXGroup section */
		77F1FCD027C673E8009EF400 = {
			isa = PBXGroup;
			children = (
				77F1FCDB27C673E8009EF400 /* NewsApp */,
				77F1FCF227C673F2009EF400 /* NewsAppTests */,
				77F1FCFC27C673F2009EF400 /* NewsAppUITests */,
				77F1FCDA27C673E8009EF400 /* Products */,
			);
			sourceTree = "<group>";
		};
		77F1FCDA27C673E8009EF400 /* Products */ = {
			isa = PBXGroup;
			children = (
				77F1FCD927C673E8009EF400 /* NewsApp.app */,
				77F1FCEF27C673F2009EF400 /* NewsAppTests.xctest */,
				77F1FCF927C673F2009EF400 /* NewsAppUITests.xctest */,
			);
			name = Products;
			sourceTree = "<group>";
		};
		77F1FCDB27C673E8009EF400 /* NewsApp */ = {
			isa = PBXGroup;
			children = (
				77F1FCDC27C673E8009EF400 /* AppDelegate.swift */,
				77F1FCDE27C673E8009EF400 /* SceneDelegate.swift */,
				77F1FD1227C67909009EF400 /* Controllers */,
				77F1FD0F27C678D8009EF400 /* Models */,
				77F1FD0C27C67407009EF400 /* NetworkManager */,
				77F1FCE227C673E9009EF400 /* Main.storyboard */,
				77F1FCE527C673F1009EF400 /* Assets.xcassets */,
				77F1FCE727C673F1009EF400 /* LaunchScreen.storyboard */,
				77F1FCEA27C673F1009EF400 /* Info.plist */,
			);
			path = NewsApp;
			sourceTree = "<group>";
		};
		77F1FCF227C673F2009EF400 /* NewsAppTests */ = {
			isa = PBXGroup;
			children = (
				77F1FCF327C673F2009EF400 /* NewsAppTests.swift */,
			);
			path = NewsAppTests;
			sourceTree = "<group>";
		};
		77F1FCFC27C673F2009EF400 /* NewsAppUITests */ = {
			isa = PBXGroup;
			children = (
				77F1FCFD27C673F2009EF400 /* NewsAppUITests.swift */,
				77F1FCFF27C673F2009EF400 /* NewsAppUITestsLaunchTests.swift */,
			);
			path = NewsAppUITests;
			sourceTree = "<group>";
		};
		77F1FD0C27C67407009EF400 /* NetworkManager */ = {
			isa = PBXGroup;
			children = (
				77F1FD0D27C6741D009EF400 /* RestAPIManager.swift */,
			);
			path = NetworkManager;
			sourceTree = "<group>";
		};
		77F1FD0F27C678D8009EF400 /* Models */ = {
			isa = PBXGroup;
			children = (
				77F1FD1027C678F1009EF400 /* NewsArticleModal.swift */,
			);
			path = Models;
			sourceTree = "<group>";
		};
		77F1FD1227C67909009EF400 /* Controllers */ = {
			isa = PBXGroup;
			children = (
				77F1FCE027C673E8009EF400 /* ViewController.swift */,
			);
			path = Controllers;
			sourceTree = "<group>";
		};
/* End PBXGroup section */

/* Begin PBXNativeTarget section */
		77F1FCD827C673E8009EF400 /* NewsApp */ = {
			isa = PBXNativeTarget;
			buildConfigurationList = 77F1FD0327C673F2009EF400 /* Build configuration list for PBXNativeTarget "NewsApp" */;
			buildPhases = (
				77F1FCD527C673E8009EF400 /* Sources */,
				77F1FCD627C673E8009EF400 /* Frameworks */,
				77F1FCD727C673E8009EF400 /* Resources */,
			);
			buildRules = (
			);
			dependencies = (
			);
			name = NewsApp;
			productName = NewsApp;
			productReference = 77F1FCD927C673E8009EF400 /* NewsApp.app */;
			productType = "com.apple.product-type.application";
		};
		77F1FCEE27C673F2009EF400 /* NewsAppTests */ = {
			isa = PBXNativeTarget;
			buildConfigurationList = 77F1FD0627C673F2009EF400 /* Build configuration list for PBXNativeTarget "NewsAppTests" */;
			buildPhases = (
				77F1FCEB27C673F2009EF400 /* Sources */,
				77F1FCEC27C673F2009EF400 /* Frameworks */,
				77F1FCED27C673F2009EF400 /* Resources */,
			);
			buildRules = (
			);
			dependencies = (
				77F1FCF127C673F2009EF400 /* PBXTargetDependency */,
			);
			name = NewsAppTests;
			productName = NewsAppTests;
			productReference = 77F1FCEF27C673F2009EF400 /* NewsAppTests.xctest */;
			productType = "com.apple.product-type.bundle.unit-test";
		};
		77F1FCF827C673F2009EF400 /* NewsAppUITests */ = {
			isa = PBXNativeTarget;
			buildConfigurationList = 77F1FD0927C673F2009EF400 /* Build configuration list for PBXNativeTarget "NewsAppUITests" */;
			buildPhases = (
				77F1FCF527C673F2009EF400 /* Sources */,
				77F1FCF627C673F2009EF400 /* Frameworks */,
				77F1FCF727C673F2009EF400 /* Resources */,
			);
			buildRules = (
			);
			dependencies = (
				77F1FCFB27C673F2009EF400 /* PBXTargetDependency */,
			);
			name = NewsAppUITests;
			productName = NewsAppUITests;
			productReference = 77F1FCF927C673F2009EF400 /* NewsAppUITests.xctest */;
			productType = "com.apple.product-type.bundle.ui-testing";
		};
/* End PBXNativeTarget section */

/* Begin PBXProject section */
		77F1FCD127C673E8009EF400 /* Project object */ = {
			isa = PBXProject;
			attributes = {
				BuildIndependentTargetsInParallel = 1;
				LastSwiftUpdateCheck = 1310;
				LastUpgradeCheck = 1310;
				TargetAttributes = {
					77F1FCD827C673E8009EF400 = {
						CreatedOnToolsVersion = 13.1;
					};
					77F1FCEE27C673F2009EF400 = {
						CreatedOnToolsVersion = 13.1;
						TestTargetID = 77F1FCD827C673E8009EF400;
					};
					77F1FCF827C673F2009EF400 = {
						CreatedOnToolsVersion = 13.1;
						TestTargetID = 77F1FCD827C673E8009EF400;
					};
				};
			};
			buildConfigurationList = 77F1FCD427C673E8009EF400 /* Build configuration list for PBXProject "NewsApp" */;
			compatibilityVersion = "Xcode 13.0";
			developmentRegion = en;
			hasScannedForEncodings = 0;
			knownRegions = (
				en,
				Base,
			);
			mainGroup = 77F1FCD027C673E8009EF400;
			productRefGroup = 77F1FCDA27C673E8009EF400 /* Products */;
			projectDirPath = "";
			projectRoot = "";
			targets = (
				77F1FCD827C673E8009EF400 /* NewsApp */,
				77F1FCEE27C673F2009EF400 /* NewsAppTests */,
				77F1FCF827C673F2009EF400 /* NewsAppUITests */,
			);
		};
/* End PBXProject section */

/* Begin PBXResourcesBuildPhase section */
		77F1FCD727C673E8009EF400 /* Resources */ = {
			isa = PBXResourcesBuildPhase;
			buildActionMask = 2147483647;
			files = (
				77F1FCE927C673F1009EF400 /* LaunchScreen.storyboard in Resources */,
				77F1FCE627C673F1009EF400 /* Assets.xcassets in Resources */,
				77F1FCE427C673E9009EF400 /* Main.storyboard in Resources */,
			);
			runOnlyForDeploymentPostprocessing = 0;
		};
		77F1FCED27C673F2009EF400 /* Resources */ = {
			isa = PBXResourcesBuildPhase;
			buildActionMask = 2147483647;
			files = (
			);
			runOnlyForDeploymentPostprocessing = 0;
		};
		77F1FCF727C673F2009EF400 /* Resources */ = {
			isa = PBXResourcesBuildPhase;
			buildActionMask = 2147483647;
			files = (
			);
			runOnlyForDeploymentPostprocessing = 0;
		};
/* End PBXResourcesBuildPhase section */

/* Begin PBXSourcesBuildPhase section */
		77F1FCD527C673E8009EF400 /* Sources */ = {
			isa = PBXSourcesBuildPhase;
			buildActionMask = 2147483647;
			files = (
				77F1FCE127C673E8009EF400 /* ViewController.swift in Sources */,
				77F1FCDD27C673E8009EF400 /* AppDelegate.swift in Sources */,
				77F1FD1127C678F2009EF400 /* NewsArticleModal.swift in Sources */,
				77F1FD0E27C6741D009EF400 /* RestAPIManager.swift in Sources */,
				77F1FCDF27C673E8009EF400 /* SceneDelegate.swift in Sources */,
			);
			runOnlyForDeploymentPostprocessing = 0;
		};
		77F1FCEB27C673F2009EF400 /* Sources */ = {
			isa = PBXSourcesBuildPhase;
			buildActionMask = 2147483647;
			files = (
				77F1FCF427C673F2009EF400 /* NewsAppTests.swift in Sources */,
			);
			runOnlyForDeploymentPostprocessing = 0;
		};
		77F1FCF527C673F2009EF400 /* Sources */ = {
			isa = PBXSourcesBuildPhase;
			buildActionMask = 2147483647;
			files = (
				77F1FCFE27C673F2009EF400 /* NewsAppUITests.swift in Sources */,
				77F1FD0027C673F2009EF400 /* NewsAppUITestsLaunchTests.swift in Sources */,
			);
			runOnlyForDeploymentPostprocessing = 0;
		};
/* End PBXSourcesBuildPhase section */

/* Begin PBXTargetDependency section */
		77F1FCF127C673F2009EF400 /* PBXTargetDependency */ = {
			isa = PBXTargetDependency;
			target = 77F1FCD827C673E8009EF400 /* NewsApp */;
			targetProxy = 77F1FCF027C673F2009EF400 /* PBXContainerItemProxy */;
		};
		77F1FCFB27C673F2009EF400 /* PBXTargetDependency */ = {
			isa = PBXTargetDependency;
			target = 77F1FCD827C673E8009EF400 /* NewsApp */;
			targetProxy = 77F1FCFA27C673F2009EF400 /* PBXContainerItemProxy */;
		};
/* End PBXTargetDependency section */

/* Begin PBXVariantGroup section */
		77F1FCE227C673E9009EF400 /* Main.storyboard */ = {
			isa = PBXVariantGroup;
			children = (
				77F1FCE327C673E9009EF400 /* Base */,
			);
			name = Main.storyboard;
			sourceTree = "<group>";
		};
		77F1FCE727C673F1009EF400 /* LaunchScreen.storyboard */ = {
			isa = PBXVariantGroup;
			children = (
				77F1FCE827C673F1009EF400 /* Base */,
			);
			name = LaunchScreen.storyboard;
			sourceTree = "<group>";
		};
/* End PBXVariantGroup section */

/* Begin XCBuildConfiguration section */
		77F1FD0127C673F2009EF400 /* Debug */ = {
			isa = XCBuildConfiguration;
			buildSettings = {
				ALWAYS_SEARCH_USER_PATHS = NO;
				CLANG_ANALYZER_NONNULL = YES;
				CLANG_ANALYZER_NUMBER_OBJECT_CONVERSION = YES_AGGRESSIVE;
				CLANG_CXX_LANGUAGE_STANDARD = "gnu++17";
				CLANG_CXX_LIBRARY = "libc++";
				CLANG_ENABLE_MODULES = YES;
				CLANG_ENABLE_OBJC_ARC = YES;
				CLANG_ENABLE_OBJC_WEAK = YES;
				CLANG_WARN_BLOCK_CAPTURE_AUTORELEASING = YES;
				CLANG_WARN_BOOL_CONVERSION = YES;
				CLANG_WARN_COMMA = YES;
				CLANG_WARN_CONSTANT_CONVERSION = YES;
				CLANG_WARN_DEPRECATED_OBJC_IMPLEMENTATIONS = YES;
				CLANG_WARN_DIRECT_OBJC_ISA_USAGE = YES_ERROR;
				CLANG_WARN_DOCUMENTATION_COMMENTS = YES;
				CLANG_WARN_EMPTY_BODY = YES;
				CLANG_WARN_ENUM_CONVERSION = YES;
				CLANG_WARN_INFINITE_RECURSION = YES;
				CLANG_WARN_INT_CONVERSION = YES;
				CLANG_WARN_NON_LITERAL_NULL_CONVERSION = YES;
				CLANG_WARN_OBJC_IMPLICIT_RETAIN_SELF = YES;
				CLANG_WARN_OBJC_LITERAL_CONVERSION = YES;
				CLANG_WARN_OBJC_ROOT_CLASS = YES_ERROR;
				CLANG_WARN_QUOTED_INCLUDE_IN_FRAMEWORK_HEADER = YES;
				CLANG_WARN_RANGE_LOOP_ANALYSIS = YES;
				CLANG_WARN_STRICT_PROTOTYPES = YES;
				CLANG_WARN_SUSPICIOUS_MOVE = YES;
				CLANG_WARN_UNGUARDED_AVAILABILITY = YES_AGGRESSIVE;
				CLANG_WARN_UNREACHABLE_CODE = YES;
				CLANG_WARN__DUPLICATE_METHOD_MATCH = YES;
				COPY_PHASE_STRIP = NO;
				DEBUG_INFORMATION_FORMAT = dwarf;
				ENABLE_STRICT_OBJC_MSGSEND = YES;
				ENABLE_TESTABILITY = YES;
				GCC_C_LANGUAGE_STANDARD = gnu11;
				GCC_DYNAMIC_NO_PIC = NO;
				GCC_NO_COMMON_BLOCKS = YES;
				GCC_OPTIMIZATION_LEVEL = 0;
				GCC_PREPROCESSOR_DEFINITIONS = (
					"DEBUG=1",
					"$(inherited)",
				);
				GCC_WARN_64_TO_32_BIT_CONVERSION = YES;
				GCC_WARN_ABOUT_RETURN_TYPE = YES_ERROR;
				GCC_WARN_UNDECLARED_SELECTOR = YES;
				GCC_WARN_UNINITIALIZED_AUTOS = YES_AGGRESSIVE;
				GCC_WARN_UNUSED_FUNCTION = YES;
				GCC_WARN_UNUSED_VARIABLE = YES;
				IPHONEOS_DEPLOYMENT_TARGET = 15.0;
				MTL_ENABLE_DEBUG_INFO = INCLUDE_SOURCE;
				MTL_FAST_MATH = YES;
				ONLY_ACTIVE_ARCH = YES;
				SDKROOT = iphoneos;
				SWIFT_ACTIVE_COMPILATION_CONDITIONS = DEBUG;
				SWIFT_OPTIMIZATION_LEVEL = "-Onone";
			};
			name = Debug;
		};
		77F1FD0227C673F2009EF400 /* Release */ = {
			isa = XCBuildConfiguration;
			buildSettings = {
				ALWAYS_SEARCH_USER_PATHS = NO;
				CLANG_ANALYZER_NONNULL = YES;
				CLANG_ANALYZER_NUMBER_OBJECT_CONVERSION = YES_AGGRESSIVE;
				CLANG_CXX_LANGUAGE_STANDARD = "gnu++17";
				CLANG_CXX_LIBRARY = "libc++";
				CLANG_ENABLE_MODULES = YES;
				CLANG_ENABLE_OBJC_ARC = YES;
				CLANG_ENABLE_OBJC_WEAK = YES;
				CLANG_WARN_BLOCK_CAPTURE_AUTORELEASING = YES;
				CLANG_WARN_BOOL_CONVERSION = YES;
				CLANG_WARN_COMMA = YES;
				CLANG_WARN_CONSTANT_CONVERSION = YES;
				CLANG_WARN_DEPRECATED_OBJC_IMPLEMENTATIONS = YES;
				CLANG_WARN_DIRECT_OBJC_ISA_USAGE = YES_ERROR;
				CLANG_WARN_DOCUMENTATION_COMMENTS = YES;
				CLANG_WARN_EMPTY_BODY = YES;
				CLANG_WARN_ENUM_CONVERSION = YES;
				CLANG_WARN_INFINITE_RECURSION = YES;
				CLANG_WARN_INT_CONVERSION = YES;
				CLANG_WARN_NON_LITERAL_NULL_CONVERSION = YES;
				CLANG_WARN_OBJC_IMPLICIT_RETAIN_SELF = YES;
				CLANG_WARN_OBJC_LITERAL_CONVERSION = YES;
				CLANG_WARN_OBJC_ROOT_CLASS = YES_ERROR;
				CLANG_WARN_QUOTED_INCLUDE_IN_FRAMEWORK_HEADER = YES;
				CLANG_WARN_RANGE_LOOP_ANALYSIS = YES;
				CLANG_WARN_STRICT_PROTOTYPES = YES;
				CLANG_WARN_SUSPICIOUS_MOVE = YES;
				CLANG_WARN_UNGUARDED_AVAILABILITY = YES_AGGRESSIVE;
				CLANG_WARN_UNREACHABLE_CODE = YES;
				CLANG_WARN__DUPLICATE_METHOD_MATCH = YES;
				COPY_PHASE_STRIP = NO;
				DEBUG_INFORMATION_FORMAT = "dwarf-with-dsym";
				ENABLE_NS_ASSERTIONS = NO;
				ENABLE_STRICT_OBJC_MSGSEND = YES;
				GCC_C_LANGUAGE_STANDARD = gnu11;
				GCC_NO_COMMON_BLOCKS = YES;
				GCC_WARN_64_TO_32_BIT_CONVERSION = YES;
				GCC_WARN_ABOUT_RETURN_TYPE = YES_ERROR;
				GCC_WARN_UNDECLARED_SELECTOR = YES;
				GCC_WARN_UNINITIALIZED_AUTOS = YES_AGGRESSIVE;
				GCC_WARN_UNUSED_FUNCTION = YES;
				GCC_WARN_UNUSED_VARIABLE = YES;
				IPHONEOS_DEPLOYMENT_TARGET = 15.0;
				MTL_ENABLE_DEBUG_INFO = NO;
				MTL_FAST_MATH = YES;
				SDKROOT = iphoneos;
				SWIFT_COMPILATION_MODE = wholemodule;
				SWIFT_OPTIMIZATION_LEVEL = "-O";
				VALIDATE_PRODUCT = YES;
			};
			name = Release;
		};
		77F1FD0427C673F2009EF400 /* Debug */ = {
			isa = XCBuildConfiguration;
			buildSettings = {
				ASSETCATALOG_COMPILER_APPICON_NAME = AppIcon;
				ASSETCATALOG_COMPILER_GLOBAL_ACCENT_COLOR_NAME = AccentColor;
				CODE_SIGN_STYLE = Automatic;
				CURRENT_PROJECT_VERSION = 1;
				GENERATE_INFOPLIST_FILE = YES;
				INFOPLIST_FILE = NewsApp/Info.plist;
				INFOPLIST_KEY_UIApplicationSupportsIndirectInputEvents = YES;
				INFOPLIST_KEY_UILaunchStoryboardName = LaunchScreen;
				INFOPLIST_KEY_UIMainStoryboardFile = Main;
				INFOPLIST_KEY_UISupportedInterfaceOrientations_iPad = "UIInterfaceOrientationPortrait UIInterfaceOrientationPortraitUpsideDown UIInterfaceOrientationLandscapeLeft UIInterfaceOrientationLandscapeRight";
				INFOPLIST_KEY_UISupportedInterfaceOrientations_iPhone = "UIInterfaceOrientationPortrait UIInterfaceOrientationLandscapeLeft UIInterfaceOrientationLandscapeRight";
				LD_RUNPATH_SEARCH_PATHS = (
					"$(inherited)",
					"@executable_path/Frameworks",
				);
				MARKETING_VERSION = 1.0;
				PRODUCT_BUNDLE_IDENTIFIER = com.agentdesks.NewsApp;
				PRODUCT_NAME = "$(TARGET_NAME)";
				SWIFT_EMIT_LOC_STRINGS = YES;
				SWIFT_VERSION = 5.0;
				TARGETED_DEVICE_FAMILY = "1,2";
			};
			name = Debug;
		};
		77F1FD0527C673F2009EF400 /* Release */ = {
			isa = XCBuildConfiguration;
			buildSettings = {
				ASSETCATALOG_COMPILER_APPICON_NAME = AppIcon;
				ASSETCATALOG_COMPILER_GLOBAL_ACCENT_COLOR_NAME = AccentColor;
				CODE_SIGN_STYLE = Automatic;
				CURRENT_PROJECT_VERSION = 1;
				GENERATE_INFOPLIST_FILE = YES;
				INFOPLIST_FILE = NewsApp/Info.plist;
				INFOPLIST_KEY_UIApplicationSupportsIndirectInputEvents = YES;
				INFOPLIST_KEY_UILaunchStoryboardName = LaunchScreen;
				INFOPLIST_KEY_UIMainStoryboardFile = Main;
				INFOPLIST_KEY_UISupportedInterfaceOrientations_iPad = "UIInterfaceOrientationPortrait UIInterfaceOrientationPortraitUpsideDown UIInterfaceOrientationLandscapeLeft UIInterfaceOrientationLandscapeRight";
				INFOPLIST_KEY_UISupportedInterfaceOrientations_iPhone = "UIInterfaceOrientationPortrait UIInterfaceOrientationLandscapeLeft UIInterfaceOrientationLandscapeRight";
				LD_RUNPATH_SEARCH_PATHS = (
					"$(inherited)",
					"@executable_path/Frameworks",
				);
				MARKETING_VERSION = 1.0;
				PRODUCT_BUNDLE_IDENTIFIER = com.agentdesks.NewsApp;
				PRODUCT_NAME = "$(TARGET_NAME)";
				SWIFT_EMIT_LOC_STRINGS = YES;
				SWIFT_VERSION = 5.0;
				TARGETED_DEVICE_FAMILY = "1,2";
			};
			name = Release;
		};
		77F1FD0727C673F2009EF400 /* Debug */ = {
			isa = XCBuildConfiguration;
			buildSettings = {
				ALWAYS_EMBED_SWIFT_STANDARD_LIBRARIES = YES;
				BUNDLE_LOADER = "$(TEST_HOST)";
				CODE_SIGN_STYLE = Automatic;
				CURRENT_PROJECT_VERSION = 1;
				GENERATE_INFOPLIST_FILE = YES;
				IPHONEOS_DEPLOYMENT_TARGET = 15.0;
				LD_RUNPATH_SEARCH_PATHS = (
					"$(inherited)",
					"@executable_path/Frameworks",
					"@loader_path/Frameworks",
				);
				MARKETING_VERSION = 1.0;
				PRODUCT_BUNDLE_IDENTIFIER = com.agentdesks.NewsAppTests;
				PRODUCT_NAME = "$(TARGET_NAME)";
				SWIFT_EMIT_LOC_STRINGS = NO;
				SWIFT_VERSION = 5.0;
				TARGETED_DEVICE_FAMILY = "1,2";
				TEST_HOST = "$(BUILT_PRODUCTS_DIR)/NewsApp.app/NewsApp";
			};
			name = Debug;
		};
		77F1FD0827C673F2009EF400 /* Release */ = {
			isa = XCBuildConfiguration;
			buildSettings = {
				ALWAYS_EMBED_SWIFT_STANDARD_LIBRARIES = YES;
				BUNDLE_LOADER = "$(TEST_HOST)";
				CODE_SIGN_STYLE = Automatic;
				CURRENT_PROJECT_VERSION = 1;
				GENERATE_INFOPLIST_FILE = YES;
				IPHONEOS_DEPLOYMENT_TARGET = 15.0;
				LD_RUNPATH_SEARCH_PATHS = (
					"$(inherited)",
					"@executable_path/Frameworks",
					"@loader_path/Frameworks",
				);
				MARKETING_VERSION = 1.0;
				PRODUCT_BUNDLE_IDENTIFIER = com.agentdesks.NewsAppTests;
				PRODUCT_NAME = "$(TARGET_NAME)";
				SWIFT_EMIT_LOC_STRINGS = NO;
				SWIFT_VERSION = 5.0;
				TARGETED_DEVICE_FAMILY = "1,2";
				TEST_HOST = "$(BUILT_PRODUCTS_DIR)/NewsApp.app/NewsApp";
			};
			name = Release;
		};
		77F1FD0A27C673F2009EF400 /* Debug */ = {
			isa = XCBuildConfiguration;
			buildSettings = {
				ALWAYS_EMBED_SWIFT_STANDARD_LIBRARIES = YES;
				CODE_SIGN_STYLE = Automatic;
				CURRENT_PROJECT_VERSION = 1;
				GENERATE_INFOPLIST_FILE = YES;
				LD_RUNPATH_SEARCH_PATHS = (
					"$(inherited)",
					"@executable_path/Frameworks",
					"@loader_path/Frameworks",
				);
				MARKETING_VERSION = 1.0;
				PRODUCT_BUNDLE_IDENTIFIER = com.agentdesks.NewsAppUITests;
				PRODUCT_NAME = "$(TARGET_NAME)";
				SWIFT_EMIT_LOC_STRINGS = NO;
				SWIFT_VERSION = 5.0;
				TARGETED_DEVICE_FAMILY = "1,2";
				TEST_TARGET_NAME = NewsApp;
			};
			name = Debug;
		};
		77F1FD0B27C673F2009EF400 /* Release */ = {
			isa = XCBuildConfiguration;
			buildSettings = {
				ALWAYS_EMBED_SWIFT_STANDARD_LIBRARIES = YES;
				CODE_SIGN_STYLE = Automatic;
				CURRENT_PROJECT_VERSION = 1;
				GENERATE_INFOPLIST_FILE = YES;
				LD_RUNPATH_SEARCH_PATHS = (
					"$(inherited)",
					"@executable_path/Frameworks",
					"@loader_path/Frameworks",
				);
				MARKETING_VERSION = 1.0;
				PRODUCT_BUNDLE_IDENTIFIER = com.agentdesks.NewsAppUITests;
				PRODUCT_NAME = "$(TARGET_NAME)";
				SWIFT_EMIT_LOC_STRINGS = NO;
				SWIFT_VERSION = 5.0;
				TARGETED_DEVICE_FAMILY = "1,2";
				TEST_TARGET_NAME = NewsApp;
			};
			name = Release;
		};
/* End XCBuildConfiguration section */

/* Begin XCConfigurationList section */
		77F1FCD427C673E8009EF400 /* Build configuration list for PBXProject "NewsApp" */ = {
			isa = XCConfigurationList;
			buildConfigurations = (
				77F1FD0127C673F2009EF400 /* Debug */,
				77F1FD0227C673F2009EF400 /* Release */,
			);
			defaultConfigurationIsVisible = 0;
			defaultConfigurationName = Release;
		};
		77F1FD0327C673F2009EF400 /* Build configuration list for PBXNativeTarget "NewsApp" */ = {
			isa = XCConfigurationList;
			buildConfigurations = (
				77F1FD0427C673F2009EF400 /* Debug */,
				77F1FD0527C673F2009EF400 /* Release */,
			);
			defaultConfigurationIsVisible = 0;
			defaultConfigurationName = Release;
		};
		77F1FD0627C673F2009EF400 /* Build configuration list for PBXNativeTarget "NewsAppTests" */ = {
			isa = XCConfigurationList;
			buildConfigurations = (
				77F1FD0727C673F2009EF400 /* Debug */,
				77F1FD0827C673F2009EF400 /* Release */,
			);
			defaultConfigurationIsVisible = 0;
			defaultConfigurationName = Release;
		};
		77F1FD0927C673F2009EF400 /* Build configuration list for PBXNativeTarget "NewsAppUITests" */ = {
			isa = XCConfigurationList;
			buildConfigurations = (
				77F1FD0A27C673F2009EF400 /* Debug */,
				77F1FD0B27C673F2009EF400 /* Release */,
			);
			defaultConfigurationIsVisible = 0;
			defaultConfigurationName = Release;
		};
/* End XCConfigurationList section */
	};
	rootObject = 77F1FCD127C673E8009EF400 /* Project object */;
}
